
Microsoft Visual Studio Solution File, Format Version 12.00
# Visual Studio Version 17
VisualStudioVersion = 17.14.36518.9 d17.14
MinimumVisualStudioVersion = 10.0.40219.1
Project("{FAE04EC0-301F-11D3-BF4B-00C04F79EFBC}") = "AppDispensador", "AppDispensador\AppDispensador.csproj", "{CA1AF49B-FDC3-4178-A79D-9E471D3F1EA6}"
EndProject
Global
	GlobalSection(SolutionConfigurationPlatforms) = preSolution
		Debug|Any CPU = Debug|Any CPU
		Release|Any CPU = Release|Any CPU
	EndGlobalSection
	GlobalSection(ProjectConfigurationPlatforms) = postSolution
		{CA1AF49B-FDC3-4178-A79D-9E471D3F1EA6}.Debug|Any CPU.ActiveCfg = Debug|Any CPU
		{CA1AF49B-FDC3-4178-A79D-9E471D3F1EA6}.Debug|Any CPU.Build.0 = Debug|Any CPU
		{CA1AF49B-FDC3-4178-A79D-9E471D3F1EA6}.Debug|Any CPU.Deploy.0 = Debug|Any CPU
		{CA1AF49B-FDC3-4178-A79D-9E471D3F1EA6}.Release|Any CPU.ActiveCfg = Release|Any CPU
		{CA1AF49B-FDC3-4178-A79D-9E471D3F1EA6}.Release|Any CPU.Build.0 = Release|Any CPU
		{CA1AF49B-FDC3-4178-A79D-9E471D3F1EA6}.Release|Any CPU.Deploy.0 = Release|Any CPU
	EndGlobalSection
	GlobalSection(SolutionProperties) = preSolution
		HideSolutionNode = FALSE
	EndGlobalSection
	GlobalSection(ExtensibilityGlobals) = postSolution
		SolutionGuid = {EDA5B36B-5368-4988-84AD-AAC38A1B3D42}
	EndGlobalSection
EndGlobal
